
Microsoft Visual Studio Solution File, Format Version 12.00
# Visual Studio Version 17
VisualStudioVersion = 17.11.35222.181
MinimumVisualStudioVersion = 10.0.40219.1
Project("{FAE04EC0-301F-11D3-BF4B-00C04F79EFBC}") = "WebAPI_Marjorie_Falcone_ 202492", "WebAPI_Marjorie_Falcone_ 202492\WebAPI_Marjorie_Falcone_ 202492.csproj", "{523A9E63-DB2D-4C82-996A-5EF3E1585FB4}"
EndProject
Global
	GlobalSection(SolutionConfigurationPlatforms) = preSolution
		Debug|Any CPU = Debug|Any CPU
		Release|Any CPU = Release|Any CPU
	EndGlobalSection
	GlobalSection(ProjectConfigurationPlatforms) = postSolution
		{523A9E63-DB2D-4C82-996A-5EF3E1585FB4}.Debug|Any CPU.ActiveCfg = Debug|Any CPU
		{523A9E63-DB2D-4C82-996A-5EF3E1585FB4}.Debug|Any CPU.Build.0 = Debug|Any CPU
		{523A9E63-DB2D-4C82-996A-5EF3E1585FB4}.Release|Any CPU.ActiveCfg = Release|Any CPU
		{523A9E63-DB2D-4C82-996A-5EF3E1585FB4}.Release|Any CPU.Build.0 = Release|Any CPU
	EndGlobalSection
	GlobalSection(SolutionProperties) = preSolution
		HideSolutionNode = FALSE
	EndGlobalSection
	GlobalSection(ExtensibilityGlobals) = postSolution
		SolutionGuid = {F3D687A4-4C2D-41AA-9A73-EF399635337E}
	EndGlobalSection
EndGlobal
